# THIS IS AN AUTOGENERATED FILE. DO NOT EDIT THIS FILE DIRECTLY.
# yarn lockfile v1


helmet@^7.0.0:
  version "7.0.0"
  resolved "https://registry.npmjs.org/helmet/-/helmet-7.0.0.tgz#ac3011ba82fa2467f58075afa58a49427ba6212d"
  integrity sha512-MsIgYmdBh460ZZ8cJC81q4XJknjG567wzEmv46WOBblDb6TUd3z8/GhgmsM9pn8g2B80tAJ4m5/d3Bi1KrSUBQ==
